
Microsoft Visual Studio Solution File, Format Version 12.00
# Visual Studio Version 17
VisualStudioVersion = 17.7.34031.279
MinimumVisualStudioVersion = 10.0.40219.1
Project("{FAE04EC0-301F-11D3-BF4B-00C04F79EFBC}") = "Ticket Reservation system", "Ticket Reservation system\Ticket Reservation system.csproj", "{228DB016-6E4A-475D-97D2-D8A16BD782F7}"
EndProject
Global
	GlobalSection(SolutionConfigurationPlatforms) = preSolution
		Debug|Any CPU = Debug|Any CPU
		Release|Any CPU = Release|Any CPU
	EndGlobalSection
	GlobalSection(ProjectConfigurationPlatforms) = postSolution
		{228DB016-6E4A-475D-97D2-D8A16BD782F7}.Debug|Any CPU.ActiveCfg = Debug|Any CPU
		{228DB016-6E4A-475D-97D2-D8A16BD782F7}.Debug|Any CPU.Build.0 = Debug|Any CPU
		{228DB016-6E4A-475D-97D2-D8A16BD782F7}.Release|Any CPU.ActiveCfg = Release|Any CPU
		{228DB016-6E4A-475D-97D2-D8A16BD782F7}.Release|Any CPU.Build.0 = Release|Any CPU
	EndGlobalSection
	GlobalSection(SolutionProperties) = preSolution
		HideSolutionNode = FALSE
	EndGlobalSection
	GlobalSection(ExtensibilityGlobals) = postSolution
		SolutionGuid = {4CB084F9-0A25-45A4-A813-8B27C6A3567B}
	EndGlobalSection
EndGlobal
