
Microsoft Visual Studio Solution File, Format Version 12.00
# Visual Studio Version 17
VisualStudioVersion = 17.5.002.0
MinimumVisualStudioVersion = 10.0.40219.1
Project("{9A19103F-16F7-4668-BE54-9A1E7A4F7556}") = "Ticket Reservation system", "Ticket Reservation system.csproj", "{B781A87F-2564-40E9-898B-74951849DD2F}"
EndProject
Global
	GlobalSection(SolutionConfigurationPlatforms) = preSolution
		Debug|Any CPU = Debug|Any CPU
		Release|Any CPU = Release|Any CPU
	EndGlobalSection
	GlobalSection(ProjectConfigurationPlatforms) = postSolution
		{B781A87F-2564-40E9-898B-74951849DD2F}.Debug|Any CPU.ActiveCfg = Debug|Any CPU
		{B781A87F-2564-40E9-898B-74951849DD2F}.Debug|Any CPU.Build.0 = Debug|Any CPU
		{B781A87F-2564-40E9-898B-74951849DD2F}.Release|Any CPU.ActiveCfg = Release|Any CPU
		{B781A87F-2564-40E9-898B-74951849DD2F}.Release|Any CPU.Build.0 = Release|Any CPU
	EndGlobalSection
	GlobalSection(SolutionProperties) = preSolution
		HideSolutionNode = FALSE
	EndGlobalSection
	GlobalSection(ExtensibilityGlobals) = postSolution
		SolutionGuid = {FD93E766-DEC0-4021-AD37-D29EB692A8A3}
	EndGlobalSection
EndGlobal
